// !$*UTF8*$!
{
	archiveVersion = 1;
	classes = {
	};
	objectVersion = 50;
	objects = {

/* Begin PBXBuildFile section */
		FE226A87230F494600DA538E /* AppDelegate.swift in Sources */ = {isa = PBXBuildFile; fileRef = FE226A86230F494600DA538E /* AppDelegate.swift */; };
		FE226A89230F494600DA538E /* CityWeatherListViewController.swift in Sources */ = {isa = PBXBuildFile; fileRef = FE226A88230F494600DA538E /* CityWeatherListViewController.swift */; };
		FE226A8B230F494600DA538E /* SettingsViewController.swift in Sources */ = {isa = PBXBuildFile; fileRef = FE226A8A230F494600DA538E /* SettingsViewController.swift */; };
		FE226A8E230F494600DA538E /* Main.storyboard in Resources */ = {isa = PBXBuildFile; fileRef = FE226A8C230F494600DA538E /* Main.storyboard */; };
		FE226A90230F494700DA538E /* Assets.xcassets in Resources */ = {isa = PBXBuildFile; fileRef = FE226A8F230F494700DA538E /* Assets.xcassets */; };
		FE226A93230F494700DA538E /* LaunchScreen.storyboard in Resources */ = {isa = PBXBuildFile; fileRef = FE226A91230F494700DA538E /* LaunchScreen.storyboard */; };
		FE226A9F230F4F7400DA538E /* AlamofireObjectMapper.framework in Frameworks */ = {isa = PBXBuildFile; fileRef = FE226A9B230F4F7400DA538E /* AlamofireObjectMapper.framework */; };
		FE226AA0230F4F7400DA538E /* Alamofire.framework in Frameworks */ = {isa = PBXBuildFile; fileRef = FE226A9C230F4F7400DA538E /* Alamofire.framework */; };
		FE226AA1230F4F7400DA538E /* ObjectMapper.framework in Frameworks */ = {isa = PBXBuildFile; fileRef = FE226A9D230F4F7400DA538E /* ObjectMapper.framework */; };
		FE226AA2230F4F7400DA538E /* SnapKit.framework in Frameworks */ = {isa = PBXBuildFile; fileRef = FE226A9E230F4F7400DA538E /* SnapKit.framework */; };
		FE53B2AF230FB1A000224258 /* RxSwift.framework in Frameworks */ = {isa = PBXBuildFile; fileRef = FE53B2AE230FB1A000224258 /* RxSwift.framework */; };
		FE53B2B3230FB3DE00224258 /* CityList.swift in Sources */ = {isa = PBXBuildFile; fileRef = FE53B2B2230FB3DE00224258 /* CityList.swift */; };
		FE53B2B7230FB73C00224258 /* AppServerClient.swift in Sources */ = {isa = PBXBuildFile; fileRef = FE53B2B6230FB73C00224258 /* AppServerClient.swift */; };
		FE53B2BB230FBA0800224258 /* CityWeather.swift in Sources */ = {isa = PBXBuildFile; fileRef = FE53B2BA230FBA0800224258 /* CityWeather.swift */; };
/* End PBXBuildFile section */

/* Begin PBXFileReference section */
		FE226A83230F494600DA538E /* WeatherBoss.app */ = {isa = PBXFileReference; explicitFileType = wrapper.application; includeInIndex = 0; path = WeatherBoss.app; sourceTree = BUILT_PRODUCTS_DIR; };
		FE226A86230F494600DA538E /* AppDelegate.swift */ = {isa = PBXFileReference; lastKnownFileType = sourcecode.swift; path = AppDelegate.swift; sourceTree = "<group>"; };
		FE226A88230F494600DA538E /* CityWeatherListViewController.swift */ = {isa = PBXFileReference; lastKnownFileType = sourcecode.swift; path = CityWeatherListViewController.swift; sourceTree = "<group>"; };
		FE226A8A230F494600DA538E /* SettingsViewController.swift */ = {isa = PBXFileReference; lastKnownFileType = sourcecode.swift; path = SettingsViewController.swift; sourceTree = "<group>"; };
		FE226A8D230F494600DA538E /* Base */ = {isa = PBXFileReference; lastKnownFileType = file.storyboard; name = Base; path = Base.lproj/Main.storyboard; sourceTree = "<group>"; };
		FE226A8F230F494700DA538E /* Assets.xcassets */ = {isa = PBXFileReference; lastKnownFileType = folder.assetcatalog; path = Assets.xcassets; sourceTree = "<group>"; };
		FE226A92230F494700DA538E /* Base */ = {isa = PBXFileReference; lastKnownFileType = file.storyboard; name = Base; path = Base.lproj/LaunchScreen.storyboard; sourceTree = "<group>"; };
		FE226A94230F494700DA538E /* Info.plist */ = {isa = PBXFileReference; lastKnownFileType = text.plist.xml; path = Info.plist; sourceTree = "<group>"; };
		FE226A9B230F4F7400DA538E /* AlamofireObjectMapper.framework */ = {isa = PBXFileReference; lastKnownFileType = wrapper.framework; name = AlamofireObjectMapper.framework; path = Carthage/Build/iOS/AlamofireObjectMapper.framework; sourceTree = "<group>"; };
		FE226A9C230F4F7400DA538E /* Alamofire.framework */ = {isa = PBXFileReference; lastKnownFileType = wrapper.framework; name = Alamofire.framework; path = Carthage/Build/iOS/Alamofire.framework; sourceTree = "<group>"; };
		FE226A9D230F4F7400DA538E /* ObjectMapper.framework */ = {isa = PBXFileReference; lastKnownFileType = wrapper.framework; name = ObjectMapper.framework; path = Carthage/Build/iOS/ObjectMapper.framework; sourceTree = "<group>"; };
		FE226A9E230F4F7400DA538E /* SnapKit.framework */ = {isa = PBXFileReference; lastKnownFileType = wrapper.framework; name = SnapKit.framework; path = Carthage/Build/iOS/SnapKit.framework; sourceTree = "<group>"; };
		FE53B2AE230FB1A000224258 /* RxSwift.framework */ = {isa = PBXFileReference; lastKnownFileType = wrapper.framework; name = RxSwift.framework; path = Carthage/Build/iOS/RxSwift.framework; sourceTree = "<group>"; };
		FE53B2B2230FB3DE00224258 /* CityList.swift */ = {isa = PBXFileReference; lastKnownFileType = sourcecode.swift; path = CityList.swift; sourceTree = "<group>"; };
		FE53B2B6230FB73C00224258 /* AppServerClient.swift */ = {isa = PBXFileReference; lastKnownFileType = sourcecode.swift; path = AppServerClient.swift; sourceTree = "<group>"; };
		FE53B2BA230FBA0800224258 /* CityWeather.swift */ = {isa = PBXFileReference; lastKnownFileType = sourcecode.swift; path = CityWeather.swift; sourceTree = "<group>"; };
/* End PBXFileReference section */

/* Begin PBXFrameworksBuildPhase section */
		FE226A80230F494600DA538E /* Frameworks */ = {
			isa = PBXFrameworksBuildPhase;
			buildActionMask = 2147483647;
			files = (
				FE53B2AF230FB1A000224258 /* RxSwift.framework in Frameworks */,
				FE226A9F230F4F7400DA538E /* AlamofireObjectMapper.framework in Frameworks */,
				FE226AA0230F4F7400DA538E /* Alamofire.framework in Frameworks */,
				FE226AA1230F4F7400DA538E /* ObjectMapper.framework in Frameworks */,
				FE226AA2230F4F7400DA538E /* SnapKit.framework in Frameworks */,
			);
			runOnlyForDeploymentPostprocessing = 0;
		};
/* End PBXFrameworksBuildPhase section */

/* Begin PBXGroup section */
		FE226A7A230F494600DA538E = {
			isa = PBXGroup;
			children = (
				FE226A85230F494600DA538E /* WeatherBoss */,
				FE226A84230F494600DA538E /* Products */,
				FE226A9A230F4F7400DA538E /* Frameworks */,
			);
			sourceTree = "<group>";
		};
		FE226A84230F494600DA538E /* Products */ = {
			isa = PBXGroup;
			children = (
				FE226A83230F494600DA538E /* WeatherBoss.app */,
			);
			name = Products;
			sourceTree = "<group>";
		};
		FE226A85230F494600DA538E /* WeatherBoss */ = {
			isa = PBXGroup;
			children = (
				FE53B2B8230FB9E700224258 /* Models */,
				FE53B2B4230FB6F000224258 /* Services */,
				FE53B2B0230FB34C00224258 /* Configs */,
				FE53B2A9230FB05500224258 /* Scenes */,
				FE226A8C230F494600DA538E /* Main.storyboard */,
				FE226A8F230F494700DA538E /* Assets.xcassets */,
				FE226A91230F494700DA538E /* LaunchScreen.storyboard */,
				FE226A94230F494700DA538E /* Info.plist */,
			);
			path = WeatherBoss;
			sourceTree = "<group>";
		};
		FE226A9A230F4F7400DA538E /* Frameworks */ = {
			isa = PBXGroup;
			children = (
				FE53B2AE230FB1A000224258 /* RxSwift.framework */,
				FE226A9C230F4F7400DA538E /* Alamofire.framework */,
				FE226A9B230F4F7400DA538E /* AlamofireObjectMapper.framework */,
				FE226A9D230F4F7400DA538E /* ObjectMapper.framework */,
				FE226A9E230F4F7400DA538E /* SnapKit.framework */,
			);
			name = Frameworks;
			sourceTree = "<group>";
		};
		FE53B2A7230FAFF900224258 /* Views */ = {
			isa = PBXGroup;
			children = (
				FE226A88230F494600DA538E /* CityWeatherListViewController.swift */,
			);
			path = Views;
			sourceTree = "<group>";
		};
		FE53B2A9230FB05500224258 /* Scenes */ = {
			isa = PBXGroup;
			children = (
				FE53B2AD230FB12100224258 /* Settings */,
				FE53B2AC230FB0BD00224258 /* CityWeatherDetails */,
				FE53B2AB230FB08900224258 /* CityWeatherList */,
				FE53B2AA230FB06800224258 /* Root */,
			);
			path = Scenes;
			sourceTree = "<group>";
		};
		FE53B2AA230FB06800224258 /* Root */ = {
			isa = PBXGroup;
			children = (
				FE226A86230F494600DA538E /* AppDelegate.swift */,
			);
			path = Root;
			sourceTree = "<group>";
		};
		FE53B2AB230FB08900224258 /* CityWeatherList */ = {
			isa = PBXGroup;
			children = (
			);
			path = CityWeatherList;
			sourceTree = "<group>";
		};
		FE53B2AC230FB0BD00224258 /* CityWeatherDetails */ = {
			isa = PBXGroup;
			children = (
				FE53B2A7230FAFF900224258 /* Views */,
			);
			path = CityWeatherDetails;
			sourceTree = "<group>";
		};
		FE53B2AD230FB12100224258 /* Settings */ = {
			isa = PBXGroup;
			children = (
				FE226A8A230F494600DA538E /* SettingsViewController.swift */,
			);
			path = Settings;
			sourceTree = "<group>";
		};
		FE53B2B0230FB34C00224258 /* Configs */ = {
			isa = PBXGroup;
			children = (
				FE53B2B2230FB3DE00224258 /* CityList.swift */,
			);
			path = Configs;
			sourceTree = "<group>";
		};
		FE53B2B4230FB6F000224258 /* Services */ = {
			isa = PBXGroup;
			children = (
				FE53B2B6230FB73C00224258 /* AppServerClient.swift */,
			);
			path = Services;
			sourceTree = "<group>";
		};
		FE53B2B8230FB9E700224258 /* Models */ = {
			isa = PBXGroup;
			children = (
				FE53B2B9230FB9F300224258 /* CityWeather */,
			);
			path = Models;
			sourceTree = "<group>";
		};
		FE53B2B9230FB9F300224258 /* CityWeather */ = {
			isa = PBXGroup;
			children = (
				FE53B2BA230FBA0800224258 /* CityWeather.swift */,
			);
			path = CityWeather;
			sourceTree = "<group>";
		};
/* End PBXGroup section */

/* Begin PBXNativeTarget section */
		FE226A82230F494600DA538E /* WeatherBoss */ = {
			isa = PBXNativeTarget;
			buildConfigurationList = FE226A97230F494700DA538E /* Build configuration list for PBXNativeTarget "WeatherBoss" */;
			buildPhases = (
				FE226A7F230F494600DA538E /* Sources */,
				FE226A80230F494600DA538E /* Frameworks */,
				FE226A81230F494600DA538E /* Resources */,
			);
			buildRules = (
			);
			dependencies = (
			);
			name = WeatherBoss;
			productName = WeatherBoss;
			productReference = FE226A83230F494600DA538E /* WeatherBoss.app */;
			productType = "com.apple.product-type.application";
		};
/* End PBXNativeTarget section */

/* Begin PBXProject section */
		FE226A7B230F494600DA538E /* Project object */ = {
			isa = PBXProject;
			attributes = {
				LastSwiftUpdateCheck = 1020;
				LastUpgradeCheck = 1020;
				ORGANIZATIONNAME = ArinAppy;
				TargetAttributes = {
					FE226A82230F494600DA538E = {
						CreatedOnToolsVersion = 10.2.1;
					};
				};
			};
			buildConfigurationList = FE226A7E230F494600DA538E /* Build configuration list for PBXProject "WeatherBoss" */;
			compatibilityVersion = "Xcode 9.3";
			developmentRegion = en;
			hasScannedForEncodings = 0;
			knownRegions = (
				en,
				Base,
			);
			mainGroup = FE226A7A230F494600DA538E;
			productRefGroup = FE226A84230F494600DA538E /* Products */;
			projectDirPath = "";
			projectRoot = "";
			targets = (
				FE226A82230F494600DA538E /* WeatherBoss */,
			);
		};
/* End PBXProject section */

/* Begin PBXResourcesBuildPhase section */
		FE226A81230F494600DA538E /* Resources */ = {
			isa = PBXResourcesBuildPhase;
			buildActionMask = 2147483647;
			files = (
				FE226A93230F494700DA538E /* LaunchScreen.storyboard in Resources */,
				FE226A90230F494700DA538E /* Assets.xcassets in Resources */,
				FE226A8E230F494600DA538E /* Main.storyboard in Resources */,
			);
			runOnlyForDeploymentPostprocessing = 0;
		};
/* End PBXResourcesBuildPhase section */

/* Begin PBXSourcesBuildPhase section */
		FE226A7F230F494600DA538E /* Sources */ = {
			isa = PBXSourcesBuildPhase;
			buildActionMask = 2147483647;
			files = (
				FE226A8B230F494600DA538E /* SettingsViewController.swift in Sources */,
				FE226A87230F494600DA538E /* AppDelegate.swift in Sources */,
				FE53B2B3230FB3DE00224258 /* CityList.swift in Sources */,
				FE53B2BB230FBA0800224258 /* CityWeather.swift in Sources */,
				FE53B2B7230FB73C00224258 /* AppServerClient.swift in Sources */,
				FE226A89230F494600DA538E /* CityWeatherListViewController.swift in Sources */,
			);
			runOnlyForDeploymentPostprocessing = 0;
		};
/* End PBXSourcesBuildPhase section */

/* Begin PBXVariantGroup section */
		FE226A8C230F494600DA538E /* Main.storyboard */ = {
			isa = PBXVariantGroup;
			children = (
				FE226A8D230F494600DA538E /* Base */,
			);
			name = Main.storyboard;
			sourceTree = "<group>";
		};
		FE226A91230F494700DA538E /* LaunchScreen.storyboard */ = {
			isa = PBXVariantGroup;
			children = (
				FE226A92230F494700DA538E /* Base */,
			);
			name = LaunchScreen.storyboard;
			sourceTree = "<group>";
		};
/* End PBXVariantGroup section */

/* Begin XCBuildConfiguration section */
		FE226A95230F494700DA538E /* Debug */ = {
			isa = XCBuildConfiguration;
			buildSettings = {
				ALWAYS_SEARCH_USER_PATHS = NO;
				CLANG_ANALYZER_NONNULL = YES;
				CLANG_ANALYZER_NUMBER_OBJECT_CONVERSION = YES_AGGRESSIVE;
				CLANG_CXX_LANGUAGE_STANDARD = "gnu++14";
				CLANG_CXX_LIBRARY = "libc++";
				CLANG_ENABLE_MODULES = YES;
				CLANG_ENABLE_OBJC_ARC = YES;
				CLANG_ENABLE_OBJC_WEAK = YES;
				CLANG_WARN_BLOCK_CAPTURE_AUTORELEASING = YES;
				CLANG_WARN_BOOL_CONVERSION = YES;
				CLANG_WARN_COMMA = YES;
				CLANG_WARN_CONSTANT_CONVERSION = YES;
				CLANG_WARN_DEPRECATED_OBJC_IMPLEMENTATIONS = YES;
				CLANG_WARN_DIRECT_OBJC_ISA_USAGE = YES_ERROR;
				CLANG_WARN_DOCUMENTATION_COMMENTS = YES;
				CLANG_WARN_EMPTY_BODY = YES;
				CLANG_WARN_ENUM_CONVERSION = YES;
				CLANG_WARN_INFINITE_RECURSION = YES;
				CLANG_WARN_INT_CONVERSION = YES;
				CLANG_WARN_NON_LITERAL_NULL_CONVERSION = YES;
				CLANG_WARN_OBJC_IMPLICIT_RETAIN_SELF = YES;
				CLANG_WARN_OBJC_LITERAL_CONVERSION = YES;
				CLANG_WARN_OBJC_ROOT_CLASS = YES_ERROR;
				CLANG_WARN_RANGE_LOOP_ANALYSIS = YES;
				CLANG_WARN_STRICT_PROTOTYPES = YES;
				CLANG_WARN_SUSPICIOUS_MOVE = YES;
				CLANG_WARN_UNGUARDED_AVAILABILITY = YES_AGGRESSIVE;
				CLANG_WARN_UNREACHABLE_CODE = YES;
				CLANG_WARN__DUPLICATE_METHOD_MATCH = YES;
				CODE_SIGN_IDENTITY = "iPhone Developer";
				COPY_PHASE_STRIP = NO;
				DEBUG_INFORMATION_FORMAT = dwarf;
				ENABLE_STRICT_OBJC_MSGSEND = YES;
				ENABLE_TESTABILITY = YES;
				GCC_C_LANGUAGE_STANDARD = gnu11;
				GCC_DYNAMIC_NO_PIC = NO;
				GCC_NO_COMMON_BLOCKS = YES;
				GCC_OPTIMIZATION_LEVEL = 0;
				GCC_PREPROCESSOR_DEFINITIONS = (
					"DEBUG=1",
					"$(inherited)",
				);
				GCC_WARN_64_TO_32_BIT_CONVERSION = YES;
				GCC_WARN_ABOUT_RETURN_TYPE = YES_ERROR;
				GCC_WARN_UNDECLARED_SELECTOR = YES;
				GCC_WARN_UNINITIALIZED_AUTOS = YES_AGGRESSIVE;
				GCC_WARN_UNUSED_FUNCTION = YES;
				GCC_WARN_UNUSED_VARIABLE = YES;
				IPHONEOS_DEPLOYMENT_TARGET = 12.2;
				MTL_ENABLE_DEBUG_INFO = INCLUDE_SOURCE;
				MTL_FAST_MATH = YES;
				ONLY_ACTIVE_ARCH = YES;
				SDKROOT = iphoneos;
				SWIFT_ACTIVE_COMPILATION_CONDITIONS = DEBUG;
				SWIFT_OPTIMIZATION_LEVEL = "-Onone";
			};
			name = Debug;
		};
		FE226A96230F494700DA538E /* Release */ = {
			isa = XCBuildConfiguration;
			buildSettings = {
				ALWAYS_SEARCH_USER_PATHS = NO;
				CLANG_ANALYZER_NONNULL = YES;
				CLANG_ANALYZER_NUMBER_OBJECT_CONVERSION = YES_AGGRESSIVE;
				CLANG_CXX_LANGUAGE_STANDARD = "gnu++14";
				CLANG_CXX_LIBRARY = "libc++";
				CLANG_ENABLE_MODULES = YES;
				CLANG_ENABLE_OBJC_ARC = YES;
				CLANG_ENABLE_OBJC_WEAK = YES;
				CLANG_WARN_BLOCK_CAPTURE_AUTORELEASING = YES;
				CLANG_WARN_BOOL_CONVERSION = YES;
				CLANG_WARN_COMMA = YES;
				CLANG_WARN_CONSTANT_CONVERSION = YES;
				CLANG_WARN_DEPRECATED_OBJC_IMPLEMENTATIONS = YES;
				CLANG_WARN_DIRECT_OBJC_ISA_USAGE = YES_ERROR;
				CLANG_WARN_DOCUMENTATION_COMMENTS = YES;
				CLANG_WARN_EMPTY_BODY = YES;
				CLANG_WARN_ENUM_CONVERSION = YES;
				CLANG_WARN_INFINITE_RECURSION = YES;
				CLANG_WARN_INT_CONVERSION = YES;
				CLANG_WARN_NON_LITERAL_NULL_CONVERSION = YES;
				CLANG_WARN_OBJC_IMPLICIT_RETAIN_SELF = YES;
				CLANG_WARN_OBJC_LITERAL_CONVERSION = YES;
				CLANG_WARN_OBJC_ROOT_CLASS = YES_ERROR;
				CLANG_WARN_RANGE_LOOP_ANALYSIS = YES;
				CLANG_WARN_STRICT_PROTOTYPES = YES;
				CLANG_WARN_SUSPICIOUS_MOVE = YES;
				CLANG_WARN_UNGUARDED_AVAILABILITY = YES_AGGRESSIVE;
				CLANG_WARN_UNREACHABLE_CODE = YES;
				CLANG_WARN__DUPLICATE_METHOD_MATCH = YES;
				CODE_SIGN_IDENTITY = "iPhone Developer";
				COPY_PHASE_STRIP = NO;
				DEBUG_INFORMATION_FORMAT = "dwarf-with-dsym";
				ENABLE_NS_ASSERTIONS = NO;
				ENABLE_STRICT_OBJC_MSGSEND = YES;
				GCC_C_LANGUAGE_STANDARD = gnu11;
				GCC_NO_COMMON_BLOCKS = YES;
				GCC_WARN_64_TO_32_BIT_CONVERSION = YES;
				GCC_WARN_ABOUT_RETURN_TYPE = YES_ERROR;
				GCC_WARN_UNDECLARED_SELECTOR = YES;
				GCC_WARN_UNINITIALIZED_AUTOS = YES_AGGRESSIVE;
				GCC_WARN_UNUSED_FUNCTION = YES;
				GCC_WARN_UNUSED_VARIABLE = YES;
				IPHONEOS_DEPLOYMENT_TARGET = 12.2;
				MTL_ENABLE_DEBUG_INFO = NO;
				MTL_FAST_MATH = YES;
				SDKROOT = iphoneos;
				SWIFT_COMPILATION_MODE = wholemodule;
				SWIFT_OPTIMIZATION_LEVEL = "-O";
				VALIDATE_PRODUCT = YES;
			};
			name = Release;
		};
		FE226A98230F494700DA538E /* Debug */ = {
			isa = XCBuildConfiguration;
			buildSettings = {
				ASSETCATALOG_COMPILER_APPICON_NAME = AppIcon;
				CODE_SIGN_IDENTITY = "iPhone Developer";
				CODE_SIGN_STYLE = Manual;
				DEVELOPMENT_TEAM = "";
				FRAMEWORK_SEARCH_PATHS = (
					"$(inherited)",
					"$(PROJECT_DIR)/Carthage/Build/iOS",
				);
				INFOPLIST_FILE = WeatherBoss/Info.plist;
				LD_RUNPATH_SEARCH_PATHS = (
					"$(inherited)",
					"@executable_path/Frameworks",
				);
				PRODUCT_BUNDLE_IDENTIFIER = arin.appy.tappy.WeatherBoss;
				PRODUCT_NAME = "$(TARGET_NAME)";
				PROVISIONING_PROFILE_SPECIFIER = "";
				SWIFT_VERSION = 5.0;
				TARGETED_DEVICE_FAMILY = "1,2";
			};
			name = Debug;
		};
		FE226A99230F494700DA538E /* Release */ = {
			isa = XCBuildConfiguration;
			buildSettings = {
				ASSETCATALOG_COMPILER_APPICON_NAME = AppIcon;
				CODE_SIGN_IDENTITY = "iPhone Developer";
				CODE_SIGN_STYLE = Manual;
				DEVELOPMENT_TEAM = "";
				FRAMEWORK_SEARCH_PATHS = (
					"$(inherited)",
					"$(PROJECT_DIR)/Carthage/Build/iOS",
				);
				INFOPLIST_FILE = WeatherBoss/Info.plist;
				LD_RUNPATH_SEARCH_PATHS = (
					"$(inherited)",
					"@executable_path/Frameworks",
				);
				PRODUCT_BUNDLE_IDENTIFIER = arin.appy.tappy.WeatherBoss;
				PRODUCT_NAME = "$(TARGET_NAME)";
				PROVISIONING_PROFILE_SPECIFIER = "";
				SWIFT_VERSION = 5.0;
				TARGETED_DEVICE_FAMILY = "1,2";
			};
			name = Release;
		};
/* End XCBuildConfiguration section */

/* Begin XCConfigurationList section */
		FE226A7E230F494600DA538E /* Build configuration list for PBXProject "WeatherBoss" */ = {
			isa = XCConfigurationList;
			buildConfigurations = (
				FE226A95230F494700DA538E /* Debug */,
				FE226A96230F494700DA538E /* Release */,
			);
			defaultConfigurationIsVisible = 0;
			defaultConfigurationName = Release;
		};
		FE226A97230F494700DA538E /* Build configuration list for PBXNativeTarget "WeatherBoss" */ = {
			isa = XCConfigurationList;
			buildConfigurations = (
				FE226A98230F494700DA538E /* Debug */,
				FE226A99230F494700DA538E /* Release */,
			);
			defaultConfigurationIsVisible = 0;
			defaultConfigurationName = Release;
		};
/* End XCConfigurationList section */
	};
	rootObject = FE226A7B230F494600DA538E /* Project object */;
}
