// !$*UTF8*$!
{
	archiveVersion = 1;
	classes = {
	};
	objectVersion = 50;
	objects = {

/* Begin PBXBuildFile section */
		FE226A87230F494600DA538E /* AppDelegate.swift in Sources */ = {isa = PBXBuildFile; fileRef = FE226A86230F494600DA538E /* AppDelegate.swift */; };
		FE226A89230F494600DA538E /* WeatherListViewController.swift in Sources */ = {isa = PBXBuildFile; fileRef = FE226A88230F494600DA538E /* WeatherListViewController.swift */; };
		FE226A8B230F494600DA538E /* SettingsViewController.swift in Sources */ = {isa = PBXBuildFile; fileRef = FE226A8A230F494600DA538E /* SettingsViewController.swift */; };
		FE226A8E230F494600DA538E /* Main.storyboard in Resources */ = {isa = PBXBuildFile; fileRef = FE226A8C230F494600DA538E /* Main.storyboard */; };
		FE226A90230F494700DA538E /* Assets.xcassets in Resources */ = {isa = PBXBuildFile; fileRef = FE226A8F230F494700DA538E /* Assets.xcassets */; };
		FE226A93230F494700DA538E /* LaunchScreen.storyboard in Resources */ = {isa = PBXBuildFile; fileRef = FE226A91230F494700DA538E /* LaunchScreen.storyboard */; };
		FE226A9F230F4F7400DA538E /* AlamofireObjectMapper.framework in Frameworks */ = {isa = PBXBuildFile; fileRef = FE226A9B230F4F7400DA538E /* AlamofireObjectMapper.framework */; };
		FE226AA0230F4F7400DA538E /* Alamofire.framework in Frameworks */ = {isa = PBXBuildFile; fileRef = FE226A9C230F4F7400DA538E /* Alamofire.framework */; };
		FE226AA1230F4F7400DA538E /* ObjectMapper.framework in Frameworks */ = {isa = PBXBuildFile; fileRef = FE226A9D230F4F7400DA538E /* ObjectMapper.framework */; };
		FE226AA2230F4F7400DA538E /* SnapKit.framework in Frameworks */ = {isa = PBXBuildFile; fileRef = FE226A9E230F4F7400DA538E /* SnapKit.framework */; };
		FE3879A82310B11A00EEBA6F /* Theme.swift in Sources */ = {isa = PBXBuildFile; fileRef = FE3879A72310B11A00EEBA6F /* Theme.swift */; };
		FE3879AC2310B51400EEBA6F /* WeatherListDisplay.swift in Sources */ = {isa = PBXBuildFile; fileRef = FE3879AB2310B51400EEBA6F /* WeatherListDisplay.swift */; };
		FE3879B02310B6C900EEBA6F /* DataSource.swift in Sources */ = {isa = PBXBuildFile; fileRef = FE3879AF2310B6C900EEBA6F /* DataSource.swift */; };
		FE3879B22310B76300EEBA6F /* DataSection.swift in Sources */ = {isa = PBXBuildFile; fileRef = FE3879B12310B76300EEBA6F /* DataSection.swift */; };
		FE3879B52310B9CD00EEBA6F /* WeatherSummaryPresentationItem.swift in Sources */ = {isa = PBXBuildFile; fileRef = FE3879B42310B9CD00EEBA6F /* WeatherSummaryPresentationItem.swift */; };
		FE3879BA2310C49E00EEBA6F /* WeatherListPresenter.swift in Sources */ = {isa = PBXBuildFile; fileRef = FE3879B92310C49E00EEBA6F /* WeatherListPresenter.swift */; };
		FE3879BD2310C92E00EEBA6F /* DataTransforming.swift in Sources */ = {isa = PBXBuildFile; fileRef = FE3879BC2310C92E00EEBA6F /* DataTransforming.swift */; };
		FE3879C02310CA2700EEBA6F /* WeatherListTransformer.swift in Sources */ = {isa = PBXBuildFile; fileRef = FE3879BF2310CA2700EEBA6F /* WeatherListTransformer.swift */; };
		FE53B2B3230FB3DE00224258 /* Config.swift in Sources */ = {isa = PBXBuildFile; fileRef = FE53B2B2230FB3DE00224258 /* Config.swift */; };
		FE53B2B7230FB73C00224258 /* WeatherService.swift in Sources */ = {isa = PBXBuildFile; fileRef = FE53B2B6230FB73C00224258 /* WeatherService.swift */; };
		FE53B2BC230FCB6F00224258 /* RxSwift.framework in Frameworks */ = {isa = PBXBuildFile; fileRef = FE53B2AE230FB1A000224258 /* RxSwift.framework */; };
		FE53B2BF230FE65300224258 /* CityWeatherData.swift in Sources */ = {isa = PBXBuildFile; fileRef = FE53B2BE230FE65300224258 /* CityWeatherData.swift */; };
		FE53B2C4230FEF6A00224258 /* DomainMapping.swift in Sources */ = {isa = PBXBuildFile; fileRef = FE53B2C3230FEF6A00224258 /* DomainMapping.swift */; };
		FE53B2C6230FEFD400224258 /* CityWeather.swift in Sources */ = {isa = PBXBuildFile; fileRef = FE53B2C5230FEFD400224258 /* CityWeather.swift */; };
		FE53B2C9230FF1F700224258 /* CityWeatherMapping.swift in Sources */ = {isa = PBXBuildFile; fileRef = FE53B2C8230FF1F700224258 /* CityWeatherMapping.swift */; };
		FE53B2CC230FFA7700224258 /* WeatherFetchingError.swift in Sources */ = {isa = PBXBuildFile; fileRef = FE53B2CB230FFA7700224258 /* WeatherFetchingError.swift */; };
		FE8A7E702310E4AA003EDA3D /* PKHUD.framework in Frameworks */ = {isa = PBXBuildFile; fileRef = FE8A7E6F2310E4AA003EDA3D /* PKHUD.framework */; };
		FE8A7E732310ECE6003EDA3D /* WeatherSummaryCell.swift in Sources */ = {isa = PBXBuildFile; fileRef = FE8A7E722310ECE6003EDA3D /* WeatherSummaryCell.swift */; };
		FE8A7E7C2310FFD2003EDA3D /* Shadow.swift in Sources */ = {isa = PBXBuildFile; fileRef = FE8A7E7B2310FFD2003EDA3D /* Shadow.swift */; };
		FE8A7E8023111275003EDA3D /* WeatherDetailsViewController.swift in Sources */ = {isa = PBXBuildFile; fileRef = FE8A7E7F23111275003EDA3D /* WeatherDetailsViewController.swift */; };
		FE8A7E83231115CF003EDA3D /* WeatherDetailView.swift in Sources */ = {isa = PBXBuildFile; fileRef = FE8A7E82231115CF003EDA3D /* WeatherDetailView.swift */; };
		FE8A7E8523111F98003EDA3D /* WeatherListRouter.swift in Sources */ = {isa = PBXBuildFile; fileRef = FE8A7E8423111F98003EDA3D /* WeatherListRouter.swift */; };
		FE8A7E8A23112DD5003EDA3D /* WeatherDetailsDisplay.swift in Sources */ = {isa = PBXBuildFile; fileRef = FE8A7E8923112DD5003EDA3D /* WeatherDetailsDisplay.swift */; };
		FE8A7E8C23112E30003EDA3D /* WeatherDetailsPresenter.swift in Sources */ = {isa = PBXBuildFile; fileRef = FE8A7E8B23112E30003EDA3D /* WeatherDetailsPresenter.swift */; };
		FE8A7E8F2311307C003EDA3D /* WeatherDetailsPresenetationItem.swift in Sources */ = {isa = PBXBuildFile; fileRef = FE8A7E8E2311307C003EDA3D /* WeatherDetailsPresenetationItem.swift */; };
		FE8A7E9223113327003EDA3D /* WeatherDetailsTransformer.swift in Sources */ = {isa = PBXBuildFile; fileRef = FE8A7E9123113327003EDA3D /* WeatherDetailsTransformer.swift */; };
		FE8A7E952311EB53003EDA3D /* SettingsCellPresentationItem.swift in Sources */ = {isa = PBXBuildFile; fileRef = FE8A7E942311EB53003EDA3D /* SettingsCellPresentationItem.swift */; };
		FE8A7E982311EC1E003EDA3D /* SettingsCell.swift in Sources */ = {isa = PBXBuildFile; fileRef = FE8A7E972311EC1E003EDA3D /* SettingsCell.swift */; };
		FE8A7E9A2311F20F003EDA3D /* SettingsDisplay.swift in Sources */ = {isa = PBXBuildFile; fileRef = FE8A7E992311F20F003EDA3D /* SettingsDisplay.swift */; };
		FE8A7E9C2311F2C8003EDA3D /* SettingsPresenter.swift in Sources */ = {isa = PBXBuildFile; fileRef = FE8A7E9B2311F2C8003EDA3D /* SettingsPresenter.swift */; };
		FE8A7E9F23120D0A003EDA3D /* ThemeManager.swift in Sources */ = {isa = PBXBuildFile; fileRef = FE8A7E9E23120D0A003EDA3D /* ThemeManager.swift */; };
		FE8A7EA223125D1F003EDA3D /* ApiClient.swift in Sources */ = {isa = PBXBuildFile; fileRef = FE8A7EA123125D1F003EDA3D /* ApiClient.swift */; };
		FE8A7EA423128661003EDA3D /* Theme+Icon.swift in Sources */ = {isa = PBXBuildFile; fileRef = FE8A7EA323128661003EDA3D /* Theme+Icon.swift */; };
		FE8A7EA723128CFF003EDA3D /* WeatherApp+StringKeys.swift in Sources */ = {isa = PBXBuildFile; fileRef = FE8A7EA623128CFF003EDA3D /* WeatherApp+StringKeys.swift */; };
		FE8A7EA923128D7C003EDA3D /* LocalizationKeys.swift in Sources */ = {isa = PBXBuildFile; fileRef = FE8A7EA823128D7C003EDA3D /* LocalizationKeys.swift */; };
		FE8A7EAB23129117003EDA3D /* WeatherApp.strings in Resources */ = {isa = PBXBuildFile; fileRef = FE8A7EAA23129117003EDA3D /* WeatherApp.strings */; };
		FE8A7EAE2312B6D2003EDA3D /* AccessibilityConfiguration.swift in Sources */ = {isa = PBXBuildFile; fileRef = FE8A7EAD2312B6D2003EDA3D /* AccessibilityConfiguration.swift */; };
/* End PBXBuildFile section */

/* Begin PBXFileReference section */
		FE226A83230F494600DA538E /* WeatherBoss.app */ = {isa = PBXFileReference; explicitFileType = wrapper.application; includeInIndex = 0; path = WeatherBoss.app; sourceTree = BUILT_PRODUCTS_DIR; };
		FE226A86230F494600DA538E /* AppDelegate.swift */ = {isa = PBXFileReference; lastKnownFileType = sourcecode.swift; path = AppDelegate.swift; sourceTree = "<group>"; };
		FE226A88230F494600DA538E /* WeatherListViewController.swift */ = {isa = PBXFileReference; lastKnownFileType = sourcecode.swift; path = WeatherListViewController.swift; sourceTree = "<group>"; };
		FE226A8A230F494600DA538E /* SettingsViewController.swift */ = {isa = PBXFileReference; lastKnownFileType = sourcecode.swift; path = SettingsViewController.swift; sourceTree = "<group>"; };
		FE226A8D230F494600DA538E /* Base */ = {isa = PBXFileReference; lastKnownFileType = file.storyboard; name = Base; path = Base.lproj/Main.storyboard; sourceTree = "<group>"; };
		FE226A8F230F494700DA538E /* Assets.xcassets */ = {isa = PBXFileReference; lastKnownFileType = folder.assetcatalog; path = Assets.xcassets; sourceTree = "<group>"; };
		FE226A92230F494700DA538E /* Base */ = {isa = PBXFileReference; lastKnownFileType = file.storyboard; name = Base; path = Base.lproj/LaunchScreen.storyboard; sourceTree = "<group>"; };
		FE226A94230F494700DA538E /* Info.plist */ = {isa = PBXFileReference; lastKnownFileType = text.plist.xml; path = Info.plist; sourceTree = "<group>"; };
		FE226A9B230F4F7400DA538E /* AlamofireObjectMapper.framework */ = {isa = PBXFileReference; lastKnownFileType = wrapper.framework; name = AlamofireObjectMapper.framework; path = Carthage/Build/iOS/AlamofireObjectMapper.framework; sourceTree = "<group>"; };
		FE226A9C230F4F7400DA538E /* Alamofire.framework */ = {isa = PBXFileReference; lastKnownFileType = wrapper.framework; name = Alamofire.framework; path = Carthage/Build/iOS/Alamofire.framework; sourceTree = "<group>"; };
		FE226A9D230F4F7400DA538E /* ObjectMapper.framework */ = {isa = PBXFileReference; lastKnownFileType = wrapper.framework; name = ObjectMapper.framework; path = Carthage/Build/iOS/ObjectMapper.framework; sourceTree = "<group>"; };
		FE226A9E230F4F7400DA538E /* SnapKit.framework */ = {isa = PBXFileReference; lastKnownFileType = wrapper.framework; name = SnapKit.framework; path = Carthage/Build/iOS/SnapKit.framework; sourceTree = "<group>"; };
		FE3879A72310B11A00EEBA6F /* Theme.swift */ = {isa = PBXFileReference; lastKnownFileType = sourcecode.swift; path = Theme.swift; sourceTree = "<group>"; };
		FE3879AB2310B51400EEBA6F /* WeatherListDisplay.swift */ = {isa = PBXFileReference; lastKnownFileType = sourcecode.swift; path = WeatherListDisplay.swift; sourceTree = "<group>"; };
		FE3879AF2310B6C900EEBA6F /* DataSource.swift */ = {isa = PBXFileReference; lastKnownFileType = sourcecode.swift; path = DataSource.swift; sourceTree = "<group>"; };
		FE3879B12310B76300EEBA6F /* DataSection.swift */ = {isa = PBXFileReference; lastKnownFileType = sourcecode.swift; path = DataSection.swift; sourceTree = "<group>"; };
		FE3879B42310B9CD00EEBA6F /* WeatherSummaryPresentationItem.swift */ = {isa = PBXFileReference; lastKnownFileType = sourcecode.swift; path = WeatherSummaryPresentationItem.swift; sourceTree = "<group>"; };
		FE3879B92310C49E00EEBA6F /* WeatherListPresenter.swift */ = {isa = PBXFileReference; lastKnownFileType = sourcecode.swift; path = WeatherListPresenter.swift; sourceTree = "<group>"; };
		FE3879BC2310C92E00EEBA6F /* DataTransforming.swift */ = {isa = PBXFileReference; lastKnownFileType = sourcecode.swift; path = DataTransforming.swift; sourceTree = "<group>"; };
		FE3879BF2310CA2700EEBA6F /* WeatherListTransformer.swift */ = {isa = PBXFileReference; lastKnownFileType = sourcecode.swift; path = WeatherListTransformer.swift; sourceTree = "<group>"; };
		FE53B2AE230FB1A000224258 /* RxSwift.framework */ = {isa = PBXFileReference; lastKnownFileType = wrapper.framework; name = RxSwift.framework; path = Carthage/Build/iOS/RxSwift.framework; sourceTree = "<group>"; };
		FE53B2B2230FB3DE00224258 /* Config.swift */ = {isa = PBXFileReference; lastKnownFileType = sourcecode.swift; path = Config.swift; sourceTree = "<group>"; };
		FE53B2B6230FB73C00224258 /* WeatherService.swift */ = {isa = PBXFileReference; lastKnownFileType = sourcecode.swift; path = WeatherService.swift; sourceTree = "<group>"; };
		FE53B2BE230FE65300224258 /* CityWeatherData.swift */ = {isa = PBXFileReference; lastKnownFileType = sourcecode.swift; path = CityWeatherData.swift; sourceTree = "<group>"; };
		FE53B2C3230FEF6A00224258 /* DomainMapping.swift */ = {isa = PBXFileReference; lastKnownFileType = sourcecode.swift; path = DomainMapping.swift; sourceTree = "<group>"; };
		FE53B2C5230FEFD400224258 /* CityWeather.swift */ = {isa = PBXFileReference; lastKnownFileType = sourcecode.swift; path = CityWeather.swift; sourceTree = "<group>"; };
		FE53B2C8230FF1F700224258 /* CityWeatherMapping.swift */ = {isa = PBXFileReference; lastKnownFileType = sourcecode.swift; path = CityWeatherMapping.swift; sourceTree = "<group>"; };
		FE53B2CB230FFA7700224258 /* WeatherFetchingError.swift */ = {isa = PBXFileReference; lastKnownFileType = sourcecode.swift; path = WeatherFetchingError.swift; sourceTree = "<group>"; };
		FE8A7E6F2310E4AA003EDA3D /* PKHUD.framework */ = {isa = PBXFileReference; lastKnownFileType = wrapper.framework; name = PKHUD.framework; path = Carthage/Build/iOS/PKHUD.framework; sourceTree = "<group>"; };
		FE8A7E722310ECE6003EDA3D /* WeatherSummaryCell.swift */ = {isa = PBXFileReference; lastKnownFileType = sourcecode.swift; path = WeatherSummaryCell.swift; sourceTree = "<group>"; };
		FE8A7E7B2310FFD2003EDA3D /* Shadow.swift */ = {isa = PBXFileReference; lastKnownFileType = sourcecode.swift; path = Shadow.swift; sourceTree = "<group>"; };
		FE8A7E7F23111275003EDA3D /* WeatherDetailsViewController.swift */ = {isa = PBXFileReference; lastKnownFileType = sourcecode.swift; path = WeatherDetailsViewController.swift; sourceTree = "<group>"; };
		FE8A7E82231115CF003EDA3D /* WeatherDetailView.swift */ = {isa = PBXFileReference; lastKnownFileType = sourcecode.swift; path = WeatherDetailView.swift; sourceTree = "<group>"; };
		FE8A7E8423111F98003EDA3D /* WeatherListRouter.swift */ = {isa = PBXFileReference; lastKnownFileType = sourcecode.swift; path = WeatherListRouter.swift; sourceTree = "<group>"; };
		FE8A7E8923112DD5003EDA3D /* WeatherDetailsDisplay.swift */ = {isa = PBXFileReference; lastKnownFileType = sourcecode.swift; path = WeatherDetailsDisplay.swift; sourceTree = "<group>"; };
		FE8A7E8B23112E30003EDA3D /* WeatherDetailsPresenter.swift */ = {isa = PBXFileReference; lastKnownFileType = sourcecode.swift; path = WeatherDetailsPresenter.swift; sourceTree = "<group>"; };
		FE8A7E8E2311307C003EDA3D /* WeatherDetailsPresenetationItem.swift */ = {isa = PBXFileReference; lastKnownFileType = sourcecode.swift; path = WeatherDetailsPresenetationItem.swift; sourceTree = "<group>"; };
		FE8A7E9123113327003EDA3D /* WeatherDetailsTransformer.swift */ = {isa = PBXFileReference; lastKnownFileType = sourcecode.swift; path = WeatherDetailsTransformer.swift; sourceTree = "<group>"; };
		FE8A7E942311EB53003EDA3D /* SettingsCellPresentationItem.swift */ = {isa = PBXFileReference; lastKnownFileType = sourcecode.swift; path = SettingsCellPresentationItem.swift; sourceTree = "<group>"; };
		FE8A7E972311EC1E003EDA3D /* SettingsCell.swift */ = {isa = PBXFileReference; lastKnownFileType = sourcecode.swift; path = SettingsCell.swift; sourceTree = "<group>"; };
		FE8A7E992311F20F003EDA3D /* SettingsDisplay.swift */ = {isa = PBXFileReference; lastKnownFileType = sourcecode.swift; path = SettingsDisplay.swift; sourceTree = "<group>"; };
		FE8A7E9B2311F2C8003EDA3D /* SettingsPresenter.swift */ = {isa = PBXFileReference; lastKnownFileType = sourcecode.swift; path = SettingsPresenter.swift; sourceTree = "<group>"; };
		FE8A7E9E23120D0A003EDA3D /* ThemeManager.swift */ = {isa = PBXFileReference; lastKnownFileType = sourcecode.swift; path = ThemeManager.swift; sourceTree = "<group>"; };
		FE8A7EA123125D1F003EDA3D /* ApiClient.swift */ = {isa = PBXFileReference; lastKnownFileType = sourcecode.swift; path = ApiClient.swift; sourceTree = "<group>"; };
		FE8A7EA323128661003EDA3D /* Theme+Icon.swift */ = {isa = PBXFileReference; lastKnownFileType = sourcecode.swift; path = "Theme+Icon.swift"; sourceTree = "<group>"; };
		FE8A7EA623128CFF003EDA3D /* WeatherApp+StringKeys.swift */ = {isa = PBXFileReference; lastKnownFileType = sourcecode.swift; path = "WeatherApp+StringKeys.swift"; sourceTree = "<group>"; };
		FE8A7EA823128D7C003EDA3D /* LocalizationKeys.swift */ = {isa = PBXFileReference; lastKnownFileType = sourcecode.swift; path = LocalizationKeys.swift; sourceTree = "<group>"; };
		FE8A7EAA23129117003EDA3D /* WeatherApp.strings */ = {isa = PBXFileReference; lastKnownFileType = text.plist.strings; path = WeatherApp.strings; sourceTree = "<group>"; };
		FE8A7EAD2312B6D2003EDA3D /* AccessibilityConfiguration.swift */ = {isa = PBXFileReference; lastKnownFileType = sourcecode.swift; path = AccessibilityConfiguration.swift; sourceTree = "<group>"; };
/* End PBXFileReference section */

/* Begin PBXFrameworksBuildPhase section */
		FE226A80230F494600DA538E /* Frameworks */ = {
			isa = PBXFrameworksBuildPhase;
			buildActionMask = 2147483647;
			files = (
				FE8A7E702310E4AA003EDA3D /* PKHUD.framework in Frameworks */,
				FE53B2BC230FCB6F00224258 /* RxSwift.framework in Frameworks */,
				FE226A9F230F4F7400DA538E /* AlamofireObjectMapper.framework in Frameworks */,
				FE226AA0230F4F7400DA538E /* Alamofire.framework in Frameworks */,
				FE226AA1230F4F7400DA538E /* ObjectMapper.framework in Frameworks */,
				FE226AA2230F4F7400DA538E /* SnapKit.framework in Frameworks */,
			);
			runOnlyForDeploymentPostprocessing = 0;
		};
/* End PBXFrameworksBuildPhase section */

/* Begin PBXGroup section */
		FE226A7A230F494600DA538E = {
			isa = PBXGroup;
			children = (
				FE226A85230F494600DA538E /* WeatherBoss */,
				FE226A84230F494600DA538E /* Products */,
				FE226A9A230F4F7400DA538E /* Frameworks */,
			);
			sourceTree = "<group>";
		};
		FE226A84230F494600DA538E /* Products */ = {
			isa = PBXGroup;
			children = (
				FE226A83230F494600DA538E /* WeatherBoss.app */,
			);
			name = Products;
			sourceTree = "<group>";
		};
		FE226A85230F494600DA538E /* WeatherBoss */ = {
			isa = PBXGroup;
			children = (
				FE3879AD2310B69100EEBA6F /* Shared */,
				FE53B2B8230FB9E700224258 /* Models */,
				FE53B2B4230FB6F000224258 /* Services */,
				FE53B2A9230FB05500224258 /* Scenes */,
				FE226A8F230F494700DA538E /* Assets.xcassets */,
				FE226A91230F494700DA538E /* LaunchScreen.storyboard */,
				FE226A94230F494700DA538E /* Info.plist */,
			);
			path = WeatherBoss;
			sourceTree = "<group>";
		};
		FE226A9A230F4F7400DA538E /* Frameworks */ = {
			isa = PBXGroup;
			children = (
				FE8A7E6F2310E4AA003EDA3D /* PKHUD.framework */,
				FE53B2AE230FB1A000224258 /* RxSwift.framework */,
				FE226A9C230F4F7400DA538E /* Alamofire.framework */,
				FE226A9B230F4F7400DA538E /* AlamofireObjectMapper.framework */,
				FE226A9D230F4F7400DA538E /* ObjectMapper.framework */,
				FE226A9E230F4F7400DA538E /* SnapKit.framework */,
			);
			name = Frameworks;
			sourceTree = "<group>";
		};
		FE3879AD2310B69100EEBA6F /* Shared */ = {
			isa = PBXGroup;
			children = (
				FE8A7EAC2312B6AE003EDA3D /* Accessibility */,
				FE8A7EA523128CE3003EDA3D /* Localization */,
				FE8A7EA023120EC1003EDA3D /* Theme */,
				FE3879BB2310C8FB00EEBA6F /* DataTransform */,
				FE3879AE2310B6A800EEBA6F /* DataSource */,
				FE8A7E7D23110480003EDA3D /* UI */,
			);
			path = Shared;
			sourceTree = "<group>";
		};
		FE3879AE2310B6A800EEBA6F /* DataSource */ = {
			isa = PBXGroup;
			children = (
				FE3879AF2310B6C900EEBA6F /* DataSource.swift */,
				FE3879B12310B76300EEBA6F /* DataSection.swift */,
			);
			path = DataSource;
			sourceTree = "<group>";
		};
		FE3879B32310B99C00EEBA6F /* ViewModels */ = {
			isa = PBXGroup;
			children = (
				FE3879BE2310C9E600EEBA6F /* Transformer */,
				FE3879B42310B9CD00EEBA6F /* WeatherSummaryPresentationItem.swift */,
			);
			path = ViewModels;
			sourceTree = "<group>";
		};
		FE3879BB2310C8FB00EEBA6F /* DataTransform */ = {
			isa = PBXGroup;
			children = (
				FE3879BC2310C92E00EEBA6F /* DataTransforming.swift */,
			);
			path = DataTransform;
			sourceTree = "<group>";
		};
		FE3879BE2310C9E600EEBA6F /* Transformer */ = {
			isa = PBXGroup;
			children = (
				FE3879BF2310CA2700EEBA6F /* WeatherListTransformer.swift */,
			);
			path = Transformer;
			sourceTree = "<group>";
		};
		FE53B2A9230FB05500224258 /* Scenes */ = {
			isa = PBXGroup;
			children = (
				FE8A7E7E23111248003EDA3D /* WeatherDetails */,
				FE53B2AD230FB12100224258 /* Settings */,
				FE53B2AB230FB08900224258 /* WeatherList */,
				FE53B2AA230FB06800224258 /* Root */,
			);
			path = Scenes;
			sourceTree = "<group>";
		};
		FE53B2AA230FB06800224258 /* Root */ = {
			isa = PBXGroup;
			children = (
				FE226A8C230F494600DA538E /* Main.storyboard */,
				FE226A86230F494600DA538E /* AppDelegate.swift */,
			);
			path = Root;
			sourceTree = "<group>";
		};
		FE53B2AB230FB08900224258 /* WeatherList */ = {
			isa = PBXGroup;
			children = (
				FE8A7E712310ECAF003EDA3D /* UIComponents */,
				FE226A88230F494600DA538E /* WeatherListViewController.swift */,
				FE3879B92310C49E00EEBA6F /* WeatherListPresenter.swift */,
				FE3879AB2310B51400EEBA6F /* WeatherListDisplay.swift */,
				FE8A7E8423111F98003EDA3D /* WeatherListRouter.swift */,
				FE3879B32310B99C00EEBA6F /* ViewModels */,
			);
			path = WeatherList;
			sourceTree = "<group>";
		};
		FE53B2AD230FB12100224258 /* Settings */ = {
			isa = PBXGroup;
			children = (
				FE8A7E962311EBE9003EDA3D /* UIComponents */,
				FE8A7E932311EB1D003EDA3D /* ViewModels */,
				FE226A8A230F494600DA538E /* SettingsViewController.swift */,
				FE8A7E992311F20F003EDA3D /* SettingsDisplay.swift */,
				FE8A7E9B2311F2C8003EDA3D /* SettingsPresenter.swift */,
			);
			path = Settings;
			sourceTree = "<group>";
		};
		FE53B2B4230FB6F000224258 /* Services */ = {
			isa = PBXGroup;
			children = (
				FE53B2B2230FB3DE00224258 /* Config.swift */,
				FE53B2B6230FB73C00224258 /* WeatherService.swift */,
				FE8A7EA123125D1F003EDA3D /* ApiClient.swift */,
			);
			path = Services;
			sourceTree = "<group>";
		};
		FE53B2B8230FB9E700224258 /* Models */ = {
			isa = PBXGroup;
			children = (
				FE53B2CA230FFA4100224258 /* Shared */,
				FE53B2C7230FF17700224258 /* Mapping */,
				FE53B2C1230FEEF300224258 /* DomainModels */,
				FE53B2C0230FEEE500224258 /* DataModels */,
				FE53B2C2230FEF4A00224258 /* Protocol */,
			);
			path = Models;
			sourceTree = "<group>";
		};
		FE53B2C0230FEEE500224258 /* DataModels */ = {
			isa = PBXGroup;
			children = (
				FE53B2BE230FE65300224258 /* CityWeatherData.swift */,
			);
			path = DataModels;
			sourceTree = "<group>";
		};
		FE53B2C1230FEEF300224258 /* DomainModels */ = {
			isa = PBXGroup;
			children = (
				FE53B2C5230FEFD400224258 /* CityWeather.swift */,
			);
			path = DomainModels;
			sourceTree = "<group>";
		};
		FE53B2C2230FEF4A00224258 /* Protocol */ = {
			isa = PBXGroup;
			children = (
				FE53B2C3230FEF6A00224258 /* DomainMapping.swift */,
			);
			path = Protocol;
			sourceTree = "<group>";
		};
		FE53B2C7230FF17700224258 /* Mapping */ = {
			isa = PBXGroup;
			children = (
				FE53B2C8230FF1F700224258 /* CityWeatherMapping.swift */,
			);
			path = Mapping;
			sourceTree = "<group>";
		};
		FE53B2CA230FFA4100224258 /* Shared */ = {
			isa = PBXGroup;
			children = (
				FE53B2CB230FFA7700224258 /* WeatherFetchingError.swift */,
			);
			path = Shared;
			sourceTree = "<group>";
		};
		FE8A7E712310ECAF003EDA3D /* UIComponents */ = {
			isa = PBXGroup;
			children = (
				FE8A7E722310ECE6003EDA3D /* WeatherSummaryCell.swift */,
			);
			path = UIComponents;
			sourceTree = "<group>";
		};
		FE8A7E7D23110480003EDA3D /* UI */ = {
			isa = PBXGroup;
			children = (
				FE8A7E7B2310FFD2003EDA3D /* Shadow.swift */,
			);
			path = UI;
			sourceTree = "<group>";
		};
		FE8A7E7E23111248003EDA3D /* WeatherDetails */ = {
			isa = PBXGroup;
			children = (
				FE8A7E8D23113027003EDA3D /* ViewModels */,
				FE8A7E812311155E003EDA3D /* UIComponents */,
				FE8A7E7F23111275003EDA3D /* WeatherDetailsViewController.swift */,
				FE8A7E8923112DD5003EDA3D /* WeatherDetailsDisplay.swift */,
				FE8A7E8B23112E30003EDA3D /* WeatherDetailsPresenter.swift */,
			);
			path = WeatherDetails;
			sourceTree = "<group>";
		};
		FE8A7E812311155E003EDA3D /* UIComponents */ = {
			isa = PBXGroup;
			children = (
				FE8A7E82231115CF003EDA3D /* WeatherDetailView.swift */,
			);
			path = UIComponents;
			sourceTree = "<group>";
		};
		FE8A7E8D23113027003EDA3D /* ViewModels */ = {
			isa = PBXGroup;
			children = (
				FE8A7E90231132F2003EDA3D /* Transformer */,
				FE8A7E8E2311307C003EDA3D /* WeatherDetailsPresenetationItem.swift */,
			);
			path = ViewModels;
			sourceTree = "<group>";
		};
		FE8A7E90231132F2003EDA3D /* Transformer */ = {
			isa = PBXGroup;
			children = (
				FE8A7E9123113327003EDA3D /* WeatherDetailsTransformer.swift */,
			);
			path = Transformer;
			sourceTree = "<group>";
		};
		FE8A7E932311EB1D003EDA3D /* ViewModels */ = {
			isa = PBXGroup;
			children = (
				FE8A7E942311EB53003EDA3D /* SettingsCellPresentationItem.swift */,
			);
			path = ViewModels;
			sourceTree = "<group>";
		};
		FE8A7E962311EBE9003EDA3D /* UIComponents */ = {
			isa = PBXGroup;
			children = (
				FE8A7E972311EC1E003EDA3D /* SettingsCell.swift */,
			);
			path = UIComponents;
			sourceTree = "<group>";
		};
		FE8A7EA023120EC1003EDA3D /* Theme */ = {
			isa = PBXGroup;
			children = (
				FE3879A72310B11A00EEBA6F /* Theme.swift */,
				FE8A7EA323128661003EDA3D /* Theme+Icon.swift */,
				FE8A7E9E23120D0A003EDA3D /* ThemeManager.swift */,
			);
			path = Theme;
			sourceTree = "<group>";
		};
		FE8A7EA523128CE3003EDA3D /* Localization */ = {
			isa = PBXGroup;
			children = (
				FE8A7EA823128D7C003EDA3D /* LocalizationKeys.swift */,
				FE8A7EA623128CFF003EDA3D /* WeatherApp+StringKeys.swift */,
				FE8A7EAA23129117003EDA3D /* WeatherApp.strings */,
			);
			path = Localization;
			sourceTree = "<group>";
		};
		FE8A7EAC2312B6AE003EDA3D /* Accessibility */ = {
			isa = PBXGroup;
			children = (
				FE8A7EAD2312B6D2003EDA3D /* AccessibilityConfiguration.swift */,
			);
			path = Accessibility;
			sourceTree = "<group>";
		};
/* End PBXGroup section */

/* Begin PBXNativeTarget section */
		FE226A82230F494600DA538E /* WeatherBoss */ = {
			isa = PBXNativeTarget;
			buildConfigurationList = FE226A97230F494700DA538E /* Build configuration list for PBXNativeTarget "WeatherBoss" */;
			buildPhases = (
				FE226A7F230F494600DA538E /* Sources */,
				FE226A80230F494600DA538E /* Frameworks */,
				FE226A81230F494600DA538E /* Resources */,
				FE53B2BD230FCCDB00224258 /* ShellScript */,
			);
			buildRules = (
			);
			dependencies = (
			);
			name = WeatherBoss;
			productName = WeatherBoss;
			productReference = FE226A83230F494600DA538E /* WeatherBoss.app */;
			productType = "com.apple.product-type.application";
		};
/* End PBXNativeTarget section */

/* Begin PBXProject section */
		FE226A7B230F494600DA538E /* Project object */ = {
			isa = PBXProject;
			attributes = {
				LastSwiftUpdateCheck = 1020;
				LastUpgradeCheck = 1020;
				ORGANIZATIONNAME = ArinAppy;
				TargetAttributes = {
					FE226A82230F494600DA538E = {
						CreatedOnToolsVersion = 10.2.1;
					};
				};
			};
			buildConfigurationList = FE226A7E230F494600DA538E /* Build configuration list for PBXProject "WeatherBoss" */;
			compatibilityVersion = "Xcode 9.3";
			developmentRegion = en;
			hasScannedForEncodings = 0;
			knownRegions = (
				en,
				Base,
			);
			mainGroup = FE226A7A230F494600DA538E;
			productRefGroup = FE226A84230F494600DA538E /* Products */;
			projectDirPath = "";
			projectRoot = "";
			targets = (
				FE226A82230F494600DA538E /* WeatherBoss */,
			);
		};
/* End PBXProject section */

/* Begin PBXResourcesBuildPhase section */
		FE226A81230F494600DA538E /* Resources */ = {
			isa = PBXResourcesBuildPhase;
			buildActionMask = 2147483647;
			files = (
				FE226A93230F494700DA538E /* LaunchScreen.storyboard in Resources */,
				FE226A90230F494700DA538E /* Assets.xcassets in Resources */,
				FE226A8E230F494600DA538E /* Main.storyboard in Resources */,
				FE8A7EAB23129117003EDA3D /* WeatherApp.strings in Resources */,
			);
			runOnlyForDeploymentPostprocessing = 0;
		};
/* End PBXResourcesBuildPhase section */

/* Begin PBXShellScriptBuildPhase section */
		FE53B2BD230FCCDB00224258 /* ShellScript */ = {
			isa = PBXShellScriptBuildPhase;
			buildActionMask = 2147483647;
			files = (
			);
			inputFileListPaths = (
			);
			inputPaths = (
				"$(SRCROOT)/Carthage/Build/iOS/Alamofire.framework",
				"$(SRCROOT)/Carthage/Build/iOS/AlamofireObjectMapper.framework",
				"$(SRCROOT)/Carthage/Build/iOS/RxSwift.framework",
				"$(SRCROOT)/Carthage/Build/iOS/SnapKit.framework",
				"/$(SRCROOT)/Carthage/Build/iOS/ObjectMapper.framework",
				"/$(SRCROOT)/Carthage/Build/iOS/PKHUD.framework",
			);
			outputFileListPaths = (
			);
			outputPaths = (
			);
			runOnlyForDeploymentPostprocessing = 0;
			shellPath = /bin/sh;
			shellScript = "/usr/local/bin/carthage copy-frameworks\n";
		};
/* End PBXShellScriptBuildPhase section */

/* Begin PBXSourcesBuildPhase section */
		FE226A7F230F494600DA538E /* Sources */ = {
			isa = PBXSourcesBuildPhase;
			buildActionMask = 2147483647;
			files = (
				FE8A7E8023111275003EDA3D /* WeatherDetailsViewController.swift in Sources */,
				FE3879B02310B6C900EEBA6F /* DataSource.swift in Sources */,
				FE8A7E8F2311307C003EDA3D /* WeatherDetailsPresenetationItem.swift in Sources */,
				FE53B2C6230FEFD400224258 /* CityWeather.swift in Sources */,
				FE226A8B230F494600DA538E /* SettingsViewController.swift in Sources */,
				FE8A7E9A2311F20F003EDA3D /* SettingsDisplay.swift in Sources */,
				FE8A7E952311EB53003EDA3D /* SettingsCellPresentationItem.swift in Sources */,
				FE3879BA2310C49E00EEBA6F /* WeatherListPresenter.swift in Sources */,
				FE53B2C9230FF1F700224258 /* CityWeatherMapping.swift in Sources */,
				FE8A7E9223113327003EDA3D /* WeatherDetailsTransformer.swift in Sources */,
				FE8A7EA423128661003EDA3D /* Theme+Icon.swift in Sources */,
				FE8A7E9C2311F2C8003EDA3D /* SettingsPresenter.swift in Sources */,
				FE8A7EA223125D1F003EDA3D /* ApiClient.swift in Sources */,
				FE226A87230F494600DA538E /* AppDelegate.swift in Sources */,
				FE3879A82310B11A00EEBA6F /* Theme.swift in Sources */,
				FE3879BD2310C92E00EEBA6F /* DataTransforming.swift in Sources */,
				FE8A7EA723128CFF003EDA3D /* WeatherApp+StringKeys.swift in Sources */,
				FE8A7E7C2310FFD2003EDA3D /* Shadow.swift in Sources */,
				FE8A7EA923128D7C003EDA3D /* LocalizationKeys.swift in Sources */,
				FE8A7E83231115CF003EDA3D /* WeatherDetailView.swift in Sources */,
				FE53B2B3230FB3DE00224258 /* Config.swift in Sources */,
				FE3879B52310B9CD00EEBA6F /* WeatherSummaryPresentationItem.swift in Sources */,
				FE3879AC2310B51400EEBA6F /* WeatherListDisplay.swift in Sources */,
				FE8A7E982311EC1E003EDA3D /* SettingsCell.swift in Sources */,
				FE53B2CC230FFA7700224258 /* WeatherFetchingError.swift in Sources */,
				FE3879C02310CA2700EEBA6F /* WeatherListTransformer.swift in Sources */,
				FE53B2BF230FE65300224258 /* CityWeatherData.swift in Sources */,
				FE3879B22310B76300EEBA6F /* DataSection.swift in Sources */,
				FE8A7E8C23112E30003EDA3D /* WeatherDetailsPresenter.swift in Sources */,
				FE8A7E8A23112DD5003EDA3D /* WeatherDetailsDisplay.swift in Sources */,
				FE8A7EAE2312B6D2003EDA3D /* AccessibilityConfiguration.swift in Sources */,
				FE53B2B7230FB73C00224258 /* WeatherService.swift in Sources */,
				FE8A7E9F23120D0A003EDA3D /* ThemeManager.swift in Sources */,
				FE8A7E732310ECE6003EDA3D /* WeatherSummaryCell.swift in Sources */,
				FE53B2C4230FEF6A00224258 /* DomainMapping.swift in Sources */,
				FE226A89230F494600DA538E /* WeatherListViewController.swift in Sources */,
				FE8A7E8523111F98003EDA3D /* WeatherListRouter.swift in Sources */,
			);
			runOnlyForDeploymentPostprocessing = 0;
		};
/* End PBXSourcesBuildPhase section */

/* Begin PBXVariantGroup section */
		FE226A8C230F494600DA538E /* Main.storyboard */ = {
			isa = PBXVariantGroup;
			children = (
				FE226A8D230F494600DA538E /* Base */,
			);
			name = Main.storyboard;
			sourceTree = "<group>";
		};
		FE226A91230F494700DA538E /* LaunchScreen.storyboard */ = {
			isa = PBXVariantGroup;
			children = (
				FE226A92230F494700DA538E /* Base */,
			);
			name = LaunchScreen.storyboard;
			sourceTree = "<group>";
		};
/* End PBXVariantGroup section */

/* Begin XCBuildConfiguration section */
		FE226A95230F494700DA538E /* Debug */ = {
			isa = XCBuildConfiguration;
			buildSettings = {
				ALWAYS_SEARCH_USER_PATHS = NO;
				CLANG_ANALYZER_NONNULL = YES;
				CLANG_ANALYZER_NUMBER_OBJECT_CONVERSION = YES_AGGRESSIVE;
				CLANG_CXX_LANGUAGE_STANDARD = "gnu++14";
				CLANG_CXX_LIBRARY = "libc++";
				CLANG_ENABLE_MODULES = YES;
				CLANG_ENABLE_OBJC_ARC = YES;
				CLANG_ENABLE_OBJC_WEAK = YES;
				CLANG_WARN_BLOCK_CAPTURE_AUTORELEASING = YES;
				CLANG_WARN_BOOL_CONVERSION = YES;
				CLANG_WARN_COMMA = YES;
				CLANG_WARN_CONSTANT_CONVERSION = YES;
				CLANG_WARN_DEPRECATED_OBJC_IMPLEMENTATIONS = YES;
				CLANG_WARN_DIRECT_OBJC_ISA_USAGE = YES_ERROR;
				CLANG_WARN_DOCUMENTATION_COMMENTS = YES;
				CLANG_WARN_EMPTY_BODY = YES;
				CLANG_WARN_ENUM_CONVERSION = YES;
				CLANG_WARN_INFINITE_RECURSION = YES;
				CLANG_WARN_INT_CONVERSION = YES;
				CLANG_WARN_NON_LITERAL_NULL_CONVERSION = YES;
				CLANG_WARN_OBJC_IMPLICIT_RETAIN_SELF = YES;
				CLANG_WARN_OBJC_LITERAL_CONVERSION = YES;
				CLANG_WARN_OBJC_ROOT_CLASS = YES_ERROR;
				CLANG_WARN_RANGE_LOOP_ANALYSIS = YES;
				CLANG_WARN_STRICT_PROTOTYPES = YES;
				CLANG_WARN_SUSPICIOUS_MOVE = YES;
				CLANG_WARN_UNGUARDED_AVAILABILITY = YES_AGGRESSIVE;
				CLANG_WARN_UNREACHABLE_CODE = YES;
				CLANG_WARN__DUPLICATE_METHOD_MATCH = YES;
				CODE_SIGN_IDENTITY = "iPhone Developer";
				COPY_PHASE_STRIP = NO;
				DEBUG_INFORMATION_FORMAT = dwarf;
				ENABLE_STRICT_OBJC_MSGSEND = YES;
				ENABLE_TESTABILITY = YES;
				GCC_C_LANGUAGE_STANDARD = gnu11;
				GCC_DYNAMIC_NO_PIC = NO;
				GCC_NO_COMMON_BLOCKS = YES;
				GCC_OPTIMIZATION_LEVEL = 0;
				GCC_PREPROCESSOR_DEFINITIONS = (
					"DEBUG=1",
					"$(inherited)",
				);
				GCC_WARN_64_TO_32_BIT_CONVERSION = YES;
				GCC_WARN_ABOUT_RETURN_TYPE = YES_ERROR;
				GCC_WARN_UNDECLARED_SELECTOR = YES;
				GCC_WARN_UNINITIALIZED_AUTOS = YES_AGGRESSIVE;
				GCC_WARN_UNUSED_FUNCTION = YES;
				GCC_WARN_UNUSED_VARIABLE = YES;
				IPHONEOS_DEPLOYMENT_TARGET = 12.2;
				MTL_ENABLE_DEBUG_INFO = INCLUDE_SOURCE;
				MTL_FAST_MATH = YES;
				ONLY_ACTIVE_ARCH = YES;
				SDKROOT = iphoneos;
				SWIFT_ACTIVE_COMPILATION_CONDITIONS = DEBUG;
				SWIFT_OPTIMIZATION_LEVEL = "-Onone";
			};
			name = Debug;
		};
		FE226A96230F494700DA538E /* Release */ = {
			isa = XCBuildConfiguration;
			buildSettings = {
				ALWAYS_SEARCH_USER_PATHS = NO;
				CLANG_ANALYZER_NONNULL = YES;
				CLANG_ANALYZER_NUMBER_OBJECT_CONVERSION = YES_AGGRESSIVE;
				CLANG_CXX_LANGUAGE_STANDARD = "gnu++14";
				CLANG_CXX_LIBRARY = "libc++";
				CLANG_ENABLE_MODULES = YES;
				CLANG_ENABLE_OBJC_ARC = YES;
				CLANG_ENABLE_OBJC_WEAK = YES;
				CLANG_WARN_BLOCK_CAPTURE_AUTORELEASING = YES;
				CLANG_WARN_BOOL_CONVERSION = YES;
				CLANG_WARN_COMMA = YES;
				CLANG_WARN_CONSTANT_CONVERSION = YES;
				CLANG_WARN_DEPRECATED_OBJC_IMPLEMENTATIONS = YES;
				CLANG_WARN_DIRECT_OBJC_ISA_USAGE = YES_ERROR;
				CLANG_WARN_DOCUMENTATION_COMMENTS = YES;
				CLANG_WARN_EMPTY_BODY = YES;
				CLANG_WARN_ENUM_CONVERSION = YES;
				CLANG_WARN_INFINITE_RECURSION = YES;
				CLANG_WARN_INT_CONVERSION = YES;
				CLANG_WARN_NON_LITERAL_NULL_CONVERSION = YES;
				CLANG_WARN_OBJC_IMPLICIT_RETAIN_SELF = YES;
				CLANG_WARN_OBJC_LITERAL_CONVERSION = YES;
				CLANG_WARN_OBJC_ROOT_CLASS = YES_ERROR;
				CLANG_WARN_RANGE_LOOP_ANALYSIS = YES;
				CLANG_WARN_STRICT_PROTOTYPES = YES;
				CLANG_WARN_SUSPICIOUS_MOVE = YES;
				CLANG_WARN_UNGUARDED_AVAILABILITY = YES_AGGRESSIVE;
				CLANG_WARN_UNREACHABLE_CODE = YES;
				CLANG_WARN__DUPLICATE_METHOD_MATCH = YES;
				CODE_SIGN_IDENTITY = "iPhone Developer";
				COPY_PHASE_STRIP = NO;
				DEBUG_INFORMATION_FORMAT = "dwarf-with-dsym";
				ENABLE_NS_ASSERTIONS = NO;
				ENABLE_STRICT_OBJC_MSGSEND = YES;
				GCC_C_LANGUAGE_STANDARD = gnu11;
				GCC_NO_COMMON_BLOCKS = YES;
				GCC_WARN_64_TO_32_BIT_CONVERSION = YES;
				GCC_WARN_ABOUT_RETURN_TYPE = YES_ERROR;
				GCC_WARN_UNDECLARED_SELECTOR = YES;
				GCC_WARN_UNINITIALIZED_AUTOS = YES_AGGRESSIVE;
				GCC_WARN_UNUSED_FUNCTION = YES;
				GCC_WARN_UNUSED_VARIABLE = YES;
				IPHONEOS_DEPLOYMENT_TARGET = 12.2;
				MTL_ENABLE_DEBUG_INFO = NO;
				MTL_FAST_MATH = YES;
				SDKROOT = iphoneos;
				SWIFT_COMPILATION_MODE = wholemodule;
				SWIFT_OPTIMIZATION_LEVEL = "-O";
				VALIDATE_PRODUCT = YES;
			};
			name = Release;
		};
		FE226A98230F494700DA538E /* Debug */ = {
			isa = XCBuildConfiguration;
			buildSettings = {
				ASSETCATALOG_COMPILER_APPICON_NAME = AppIcon;
				CODE_SIGN_IDENTITY = "iPhone Developer";
				CODE_SIGN_STYLE = Manual;
				DEVELOPMENT_TEAM = "";
				FRAMEWORK_SEARCH_PATHS = (
					"$(inherited)",
					"$(PROJECT_DIR)/Carthage/Build/iOS",
				);
				INFOPLIST_FILE = WeatherBoss/Info.plist;
				LD_RUNPATH_SEARCH_PATHS = (
					"$(inherited)",
					"@executable_path/Frameworks",
				);
				PRODUCT_BUNDLE_IDENTIFIER = arin.appy.tappy.WeatherBoss;
				PRODUCT_NAME = "$(TARGET_NAME)";
				PROVISIONING_PROFILE_SPECIFIER = "";
				SWIFT_VERSION = 5.0;
				TARGETED_DEVICE_FAMILY = "1,2";
			};
			name = Debug;
		};
		FE226A99230F494700DA538E /* Release */ = {
			isa = XCBuildConfiguration;
			buildSettings = {
				ASSETCATALOG_COMPILER_APPICON_NAME = AppIcon;
				CODE_SIGN_IDENTITY = "iPhone Developer";
				CODE_SIGN_STYLE = Manual;
				DEVELOPMENT_TEAM = "";
				FRAMEWORK_SEARCH_PATHS = (
					"$(inherited)",
					"$(PROJECT_DIR)/Carthage/Build/iOS",
				);
				INFOPLIST_FILE = WeatherBoss/Info.plist;
				LD_RUNPATH_SEARCH_PATHS = (
					"$(inherited)",
					"@executable_path/Frameworks",
				);
				PRODUCT_BUNDLE_IDENTIFIER = arin.appy.tappy.WeatherBoss;
				PRODUCT_NAME = "$(TARGET_NAME)";
				PROVISIONING_PROFILE_SPECIFIER = "";
				SWIFT_VERSION = 5.0;
				TARGETED_DEVICE_FAMILY = "1,2";
			};
			name = Release;
		};
/* End XCBuildConfiguration section */

/* Begin XCConfigurationList section */
		FE226A7E230F494600DA538E /* Build configuration list for PBXProject "WeatherBoss" */ = {
			isa = XCConfigurationList;
			buildConfigurations = (
				FE226A95230F494700DA538E /* Debug */,
				FE226A96230F494700DA538E /* Release */,
			);
			defaultConfigurationIsVisible = 0;
			defaultConfigurationName = Release;
		};
		FE226A97230F494700DA538E /* Build configuration list for PBXNativeTarget "WeatherBoss" */ = {
			isa = XCConfigurationList;
			buildConfigurations = (
				FE226A98230F494700DA538E /* Debug */,
				FE226A99230F494700DA538E /* Release */,
			);
			defaultConfigurationIsVisible = 0;
			defaultConfigurationName = Release;
		};
/* End XCConfigurationList section */
	};
	rootObject = FE226A7B230F494600DA538E /* Project object */;
}
